
Microsoft Visual Studio Solution File, Format Version 12.00
# Visual Studio Version 16
VisualStudioVersion = 16.0.30523.141
MinimumVisualStudioVersion = 10.0.40219.1
Project("{9A19103F-16F7-4668-BE54-9A1E7A4F7556}") = "NetCoreSample.Api", "NetCoreSample.Api\NetCoreSample.Api.csproj", "{DDC71E7D-C104-4FBA-8FDF-48063ED05848}"
EndProject
Project("{2150E333-8FDC-42A3-9474-1A3956D46DE8}") = "Framework", "Framework", "{F1A429A7-348D-4771-AB16-5302A43A1240}"
EndProject
Project("{9A19103F-16F7-4668-BE54-9A1E7A4F7556}") = "NetCoreSample.Framework.Abstract", "NetCoreSample.Framework.Abstract\NetCoreSample.Framework.Abstract.csproj", "{194E1045-12BA-4741-B896-81E419B8DBE4}"
EndProject
Project("{9A19103F-16F7-4668-BE54-9A1E7A4F7556}") = "NetCoreSample.Framework", "NetCoreSample.Framework\NetCoreSample.Framework.csproj", "{17161B07-4D39-41B9-A73B-429B3D2BDD2B}"
EndProject
Project("{2150E333-8FDC-42A3-9474-1A3956D46DE8}") = "Business", "Business", "{E7FDA979-AC1B-4656-A528-98714576D37F}"
EndProject
Project("{9A19103F-16F7-4668-BE54-9A1E7A4F7556}") = "NetCoreSample.Business.Abstract", "NetCoreSample.Business.Abstract\NetCoreSample.Business.Abstract.csproj", "{AC5039E6-AE70-491B-A9A9-68CB0CDD32B1}"
EndProject
Project("{9A19103F-16F7-4668-BE54-9A1E7A4F7556}") = "NetCoreSample.Business", "NetCoreSample.Business\NetCoreSample.Business.csproj", "{C4BF2B1E-EF75-4B40-948E-47E459D8A822}"
EndProject
Project("{2150E333-8FDC-42A3-9474-1A3956D46DE8}") = "Data", "Data", "{2CD43393-F803-440A-91CD-E4A09924172D}"
EndProject
Project("{9A19103F-16F7-4668-BE54-9A1E7A4F7556}") = "NetCoreSample.Data.Abstract", "NetCoreSample.Data.Abstract\NetCoreSample.Data.Abstract.csproj", "{2AF44EFE-5817-46D1-85A6-93C7D2AF958A}"
EndProject
Project("{9A19103F-16F7-4668-BE54-9A1E7A4F7556}") = "NetCoreSample.Data", "NetCoreSample.Data\NetCoreSample.Data.csproj", "{836221A6-D7E0-4F55-B16E-6F3928CF9FBC}"
EndProject
Project("{9A19103F-16F7-4668-BE54-9A1E7A4F7556}") = "NetCoreSample.Model", "NetCoreSample.Model\NetCoreSample.Model.csproj", "{B072AD16-2CE0-49DC-993F-0F70BF041FB8}"
EndProject
Project("{9A19103F-16F7-4668-BE54-9A1E7A4F7556}") = "NetCoreSample.Ioc", "NetCoreSample.Ioc\NetCoreSample.Ioc.csproj", "{41E94B10-E71D-402D-BE39-9D5BFB87884D}"
EndProject
Project("{2150E333-8FDC-42A3-9474-1A3956D46DE8}") = "Tests", "Tests", "{62DC00DB-B15A-483C-984A-353B1429505E}"
EndProject
Project("{9A19103F-16F7-4668-BE54-9A1E7A4F7556}") = "NetCoreSample.NUnitTests", "NetCoreSample.NUnitTests\NetCoreSample.NUnitTests.csproj", "{A87F302B-D082-423B-A82E-6F7C6D6F7CDB}"
EndProject
Project("{9A19103F-16F7-4668-BE54-9A1E7A4F7556}") = "NetCoreSample.SystemTests", "NetCoreSample.SystemTests\NetCoreSample.SystemTests.csproj", "{BF59E27B-3146-41B3-B0E7-A7B77273F967}"
EndProject
Project("{9A19103F-16F7-4668-BE54-9A1E7A4F7556}") = "NetCoreSample.ServiceModel", "NetCoreSample.ServiceModel\NetCoreSample.ServiceModel.csproj", "{99EABD99-CB9C-4C24-A8AE-33C79199E9D1}"
EndProject
Project("{2150E333-8FDC-42A3-9474-1A3956D46DE8}") = "Validation", "Validation", "{131FDEA9-FB77-4B0C-A338-4613E0215DDF}"
EndProject
Project("{9A19103F-16F7-4668-BE54-9A1E7A4F7556}") = "NetCoreSample.Validation.Abstract", "NetCoreSample.Validation.Abstract\NetCoreSample.Validation.Abstract.csproj", "{181EFB8B-34CD-486E-A296-4CD9048F6B34}"
EndProject
Project("{9A19103F-16F7-4668-BE54-9A1E7A4F7556}") = "NetCoreSample.Validation", "NetCoreSample.Validation\NetCoreSample.Validation.csproj", "{81F96E26-8AAF-49E9-A196-8F6E7DF36BDE}"
EndProject
Global
	GlobalSection(SolutionConfigurationPlatforms) = preSolution
		Dev|Any CPU = Dev|Any CPU
		Local|Any CPU = Local|Any CPU
		PreProd|Any CPU = PreProd|Any CPU
		Prod|Any CPU = Prod|Any CPU
		Test|Any CPU = Test|Any CPU
	EndGlobalSection
	GlobalSection(ProjectConfigurationPlatforms) = postSolution
		{DDC71E7D-C104-4FBA-8FDF-48063ED05848}.Dev|Any CPU.ActiveCfg = Dev|Any CPU
		{DDC71E7D-C104-4FBA-8FDF-48063ED05848}.Dev|Any CPU.Build.0 = Dev|Any CPU
		{DDC71E7D-C104-4FBA-8FDF-48063ED05848}.Local|Any CPU.ActiveCfg = Local|Any CPU
		{DDC71E7D-C104-4FBA-8FDF-48063ED05848}.Local|Any CPU.Build.0 = Local|Any CPU
		{DDC71E7D-C104-4FBA-8FDF-48063ED05848}.PreProd|Any CPU.ActiveCfg = PreProd|Any CPU
		{DDC71E7D-C104-4FBA-8FDF-48063ED05848}.PreProd|Any CPU.Build.0 = PreProd|Any CPU
		{DDC71E7D-C104-4FBA-8FDF-48063ED05848}.Prod|Any CPU.ActiveCfg = Prod|Any CPU
		{DDC71E7D-C104-4FBA-8FDF-48063ED05848}.Prod|Any CPU.Build.0 = Prod|Any CPU
		{DDC71E7D-C104-4FBA-8FDF-48063ED05848}.Test|Any CPU.ActiveCfg = Test|Any CPU
		{DDC71E7D-C104-4FBA-8FDF-48063ED05848}.Test|Any CPU.Build.0 = Test|Any CPU
		{194E1045-12BA-4741-B896-81E419B8DBE4}.Dev|Any CPU.ActiveCfg = Debug|Any CPU
		{194E1045-12BA-4741-B896-81E419B8DBE4}.Dev|Any CPU.Build.0 = Debug|Any CPU
		{194E1045-12BA-4741-B896-81E419B8DBE4}.Local|Any CPU.ActiveCfg = Debug|Any CPU
		{194E1045-12BA-4741-B896-81E419B8DBE4}.Local|Any CPU.Build.0 = Debug|Any CPU
		{194E1045-12BA-4741-B896-81E419B8DBE4}.PreProd|Any CPU.ActiveCfg = Release|Any CPU
		{194E1045-12BA-4741-B896-81E419B8DBE4}.PreProd|Any CPU.Build.0 = Release|Any CPU
		{194E1045-12BA-4741-B896-81E419B8DBE4}.Prod|Any CPU.ActiveCfg = Release|Any CPU
		{194E1045-12BA-4741-B896-81E419B8DBE4}.Prod|Any CPU.Build.0 = Release|Any CPU
		{194E1045-12BA-4741-B896-81E419B8DBE4}.Test|Any CPU.ActiveCfg = Release|Any CPU
		{194E1045-12BA-4741-B896-81E419B8DBE4}.Test|Any CPU.Build.0 = Release|Any CPU
		{17161B07-4D39-41B9-A73B-429B3D2BDD2B}.Dev|Any CPU.ActiveCfg = Debug|Any CPU
		{17161B07-4D39-41B9-A73B-429B3D2BDD2B}.Dev|Any CPU.Build.0 = Debug|Any CPU
		{17161B07-4D39-41B9-A73B-429B3D2BDD2B}.Local|Any CPU.ActiveCfg = Debug|Any CPU
		{17161B07-4D39-41B9-A73B-429B3D2BDD2B}.Local|Any CPU.Build.0 = Debug|Any CPU
		{17161B07-4D39-41B9-A73B-429B3D2BDD2B}.PreProd|Any CPU.ActiveCfg = Release|Any CPU
		{17161B07-4D39-41B9-A73B-429B3D2BDD2B}.PreProd|Any CPU.Build.0 = Release|Any CPU
		{17161B07-4D39-41B9-A73B-429B3D2BDD2B}.Prod|Any CPU.ActiveCfg = Release|Any CPU
		{17161B07-4D39-41B9-A73B-429B3D2BDD2B}.Prod|Any CPU.Build.0 = Release|Any CPU
		{17161B07-4D39-41B9-A73B-429B3D2BDD2B}.Test|Any CPU.ActiveCfg = Release|Any CPU
		{17161B07-4D39-41B9-A73B-429B3D2BDD2B}.Test|Any CPU.Build.0 = Release|Any CPU
		{AC5039E6-AE70-491B-A9A9-68CB0CDD32B1}.Dev|Any CPU.ActiveCfg = Debug|Any CPU
		{AC5039E6-AE70-491B-A9A9-68CB0CDD32B1}.Dev|Any CPU.Build.0 = Debug|Any CPU
		{AC5039E6-AE70-491B-A9A9-68CB0CDD32B1}.Local|Any CPU.ActiveCfg = Debug|Any CPU
		{AC5039E6-AE70-491B-A9A9-68CB0CDD32B1}.Local|Any CPU.Build.0 = Debug|Any CPU
		{AC5039E6-AE70-491B-A9A9-68CB0CDD32B1}.PreProd|Any CPU.ActiveCfg = Release|Any CPU
		{AC5039E6-AE70-491B-A9A9-68CB0CDD32B1}.PreProd|Any CPU.Build.0 = Release|Any CPU
		{AC5039E6-AE70-491B-A9A9-68CB0CDD32B1}.Prod|Any CPU.ActiveCfg = Release|Any CPU
		{AC5039E6-AE70-491B-A9A9-68CB0CDD32B1}.Prod|Any CPU.Build.0 = Release|Any CPU
		{AC5039E6-AE70-491B-A9A9-68CB0CDD32B1}.Test|Any CPU.ActiveCfg = Release|Any CPU
		{AC5039E6-AE70-491B-A9A9-68CB0CDD32B1}.Test|Any CPU.Build.0 = Release|Any CPU
		{C4BF2B1E-EF75-4B40-948E-47E459D8A822}.Dev|Any CPU.ActiveCfg = Debug|Any CPU
		{C4BF2B1E-EF75-4B40-948E-47E459D8A822}.Dev|Any CPU.Build.0 = Debug|Any CPU
		{C4BF2B1E-EF75-4B40-948E-47E459D8A822}.Local|Any CPU.ActiveCfg = Debug|Any CPU
		{C4BF2B1E-EF75-4B40-948E-47E459D8A822}.Local|Any CPU.Build.0 = Debug|Any CPU
		{C4BF2B1E-EF75-4B40-948E-47E459D8A822}.PreProd|Any CPU.ActiveCfg = Release|Any CPU
		{C4BF2B1E-EF75-4B40-948E-47E459D8A822}.PreProd|Any CPU.Build.0 = Release|Any CPU
		{C4BF2B1E-EF75-4B40-948E-47E459D8A822}.Prod|Any CPU.ActiveCfg = Release|Any CPU
		{C4BF2B1E-EF75-4B40-948E-47E459D8A822}.Prod|Any CPU.Build.0 = Release|Any CPU
		{C4BF2B1E-EF75-4B40-948E-47E459D8A822}.Test|Any CPU.ActiveCfg = Release|Any CPU
		{C4BF2B1E-EF75-4B40-948E-47E459D8A822}.Test|Any CPU.Build.0 = Release|Any CPU
		{2AF44EFE-5817-46D1-85A6-93C7D2AF958A}.Dev|Any CPU.ActiveCfg = Debug|Any CPU
		{2AF44EFE-5817-46D1-85A6-93C7D2AF958A}.Dev|Any CPU.Build.0 = Debug|Any CPU
		{2AF44EFE-5817-46D1-85A6-93C7D2AF958A}.Local|Any CPU.ActiveCfg = Debug|Any CPU
		{2AF44EFE-5817-46D1-85A6-93C7D2AF958A}.Local|Any CPU.Build.0 = Debug|Any CPU
		{2AF44EFE-5817-46D1-85A6-93C7D2AF958A}.PreProd|Any CPU.ActiveCfg = Release|Any CPU
		{2AF44EFE-5817-46D1-85A6-93C7D2AF958A}.PreProd|Any CPU.Build.0 = Release|Any CPU
		{2AF44EFE-5817-46D1-85A6-93C7D2AF958A}.Prod|Any CPU.ActiveCfg = Release|Any CPU
		{2AF44EFE-5817-46D1-85A6-93C7D2AF958A}.Prod|Any CPU.Build.0 = Release|Any CPU
		{2AF44EFE-5817-46D1-85A6-93C7D2AF958A}.Test|Any CPU.ActiveCfg = Release|Any CPU
		{2AF44EFE-5817-46D1-85A6-93C7D2AF958A}.Test|Any CPU.Build.0 = Release|Any CPU
		{836221A6-D7E0-4F55-B16E-6F3928CF9FBC}.Dev|Any CPU.ActiveCfg = Debug|Any CPU
		{836221A6-D7E0-4F55-B16E-6F3928CF9FBC}.Dev|Any CPU.Build.0 = Debug|Any CPU
		{836221A6-D7E0-4F55-B16E-6F3928CF9FBC}.Local|Any CPU.ActiveCfg = Debug|Any CPU
		{836221A6-D7E0-4F55-B16E-6F3928CF9FBC}.Local|Any CPU.Build.0 = Debug|Any CPU
		{836221A6-D7E0-4F55-B16E-6F3928CF9FBC}.PreProd|Any CPU.ActiveCfg = Release|Any CPU
		{836221A6-D7E0-4F55-B16E-6F3928CF9FBC}.PreProd|Any CPU.Build.0 = Release|Any CPU
		{836221A6-D7E0-4F55-B16E-6F3928CF9FBC}.Prod|Any CPU.ActiveCfg = Release|Any CPU
		{836221A6-D7E0-4F55-B16E-6F3928CF9FBC}.Prod|Any CPU.Build.0 = Release|Any CPU
		{836221A6-D7E0-4F55-B16E-6F3928CF9FBC}.Test|Any CPU.ActiveCfg = Release|Any CPU
		{836221A6-D7E0-4F55-B16E-6F3928CF9FBC}.Test|Any CPU.Build.0 = Release|Any CPU
		{B072AD16-2CE0-49DC-993F-0F70BF041FB8}.Dev|Any CPU.ActiveCfg = Debug|Any CPU
		{B072AD16-2CE0-49DC-993F-0F70BF041FB8}.Dev|Any CPU.Build.0 = Debug|Any CPU
		{B072AD16-2CE0-49DC-993F-0F70BF041FB8}.Local|Any CPU.ActiveCfg = Debug|Any CPU
		{B072AD16-2CE0-49DC-993F-0F70BF041FB8}.Local|Any CPU.Build.0 = Debug|Any CPU
		{B072AD16-2CE0-49DC-993F-0F70BF041FB8}.PreProd|Any CPU.ActiveCfg = Release|Any CPU
		{B072AD16-2CE0-49DC-993F-0F70BF041FB8}.PreProd|Any CPU.Build.0 = Release|Any CPU
		{B072AD16-2CE0-49DC-993F-0F70BF041FB8}.Prod|Any CPU.ActiveCfg = Release|Any CPU
		{B072AD16-2CE0-49DC-993F-0F70BF041FB8}.Prod|Any CPU.Build.0 = Release|Any CPU
		{B072AD16-2CE0-49DC-993F-0F70BF041FB8}.Test|Any CPU.ActiveCfg = Release|Any CPU
		{B072AD16-2CE0-49DC-993F-0F70BF041FB8}.Test|Any CPU.Build.0 = Release|Any CPU
		{41E94B10-E71D-402D-BE39-9D5BFB87884D}.Dev|Any CPU.ActiveCfg = Debug|Any CPU
		{41E94B10-E71D-402D-BE39-9D5BFB87884D}.Dev|Any CPU.Build.0 = Debug|Any CPU
		{41E94B10-E71D-402D-BE39-9D5BFB87884D}.Local|Any CPU.ActiveCfg = Debug|Any CPU
		{41E94B10-E71D-402D-BE39-9D5BFB87884D}.Local|Any CPU.Build.0 = Debug|Any CPU
		{41E94B10-E71D-402D-BE39-9D5BFB87884D}.PreProd|Any CPU.ActiveCfg = Release|Any CPU
		{41E94B10-E71D-402D-BE39-9D5BFB87884D}.PreProd|Any CPU.Build.0 = Release|Any CPU
		{41E94B10-E71D-402D-BE39-9D5BFB87884D}.Prod|Any CPU.ActiveCfg = Release|Any CPU
		{41E94B10-E71D-402D-BE39-9D5BFB87884D}.Prod|Any CPU.Build.0 = Release|Any CPU
		{41E94B10-E71D-402D-BE39-9D5BFB87884D}.Test|Any CPU.ActiveCfg = Release|Any CPU
		{41E94B10-E71D-402D-BE39-9D5BFB87884D}.Test|Any CPU.Build.0 = Release|Any CPU
		{A87F302B-D082-423B-A82E-6F7C6D6F7CDB}.Dev|Any CPU.ActiveCfg = Debug|Any CPU
		{A87F302B-D082-423B-A82E-6F7C6D6F7CDB}.Dev|Any CPU.Build.0 = Debug|Any CPU
		{A87F302B-D082-423B-A82E-6F7C6D6F7CDB}.Local|Any CPU.ActiveCfg = Debug|Any CPU
		{A87F302B-D082-423B-A82E-6F7C6D6F7CDB}.Local|Any CPU.Build.0 = Debug|Any CPU
		{A87F302B-D082-423B-A82E-6F7C6D6F7CDB}.PreProd|Any CPU.ActiveCfg = Release|Any CPU
		{A87F302B-D082-423B-A82E-6F7C6D6F7CDB}.PreProd|Any CPU.Build.0 = Release|Any CPU
		{A87F302B-D082-423B-A82E-6F7C6D6F7CDB}.Prod|Any CPU.ActiveCfg = Release|Any CPU
		{A87F302B-D082-423B-A82E-6F7C6D6F7CDB}.Prod|Any CPU.Build.0 = Release|Any CPU
		{A87F302B-D082-423B-A82E-6F7C6D6F7CDB}.Test|Any CPU.ActiveCfg = Release|Any CPU
		{A87F302B-D082-423B-A82E-6F7C6D6F7CDB}.Test|Any CPU.Build.0 = Release|Any CPU
		{BF59E27B-3146-41B3-B0E7-A7B77273F967}.Dev|Any CPU.ActiveCfg = Debug|Any CPU
		{BF59E27B-3146-41B3-B0E7-A7B77273F967}.Dev|Any CPU.Build.0 = Debug|Any CPU
		{BF59E27B-3146-41B3-B0E7-A7B77273F967}.Local|Any CPU.ActiveCfg = Debug|Any CPU
		{BF59E27B-3146-41B3-B0E7-A7B77273F967}.Local|Any CPU.Build.0 = Debug|Any CPU
		{BF59E27B-3146-41B3-B0E7-A7B77273F967}.PreProd|Any CPU.ActiveCfg = Release|Any CPU
		{BF59E27B-3146-41B3-B0E7-A7B77273F967}.PreProd|Any CPU.Build.0 = Release|Any CPU
		{BF59E27B-3146-41B3-B0E7-A7B77273F967}.Prod|Any CPU.ActiveCfg = Release|Any CPU
		{BF59E27B-3146-41B3-B0E7-A7B77273F967}.Prod|Any CPU.Build.0 = Release|Any CPU
		{BF59E27B-3146-41B3-B0E7-A7B77273F967}.Test|Any CPU.ActiveCfg = Release|Any CPU
		{BF59E27B-3146-41B3-B0E7-A7B77273F967}.Test|Any CPU.Build.0 = Release|Any CPU
		{99EABD99-CB9C-4C24-A8AE-33C79199E9D1}.Dev|Any CPU.ActiveCfg = Debug|Any CPU
		{99EABD99-CB9C-4C24-A8AE-33C79199E9D1}.Dev|Any CPU.Build.0 = Debug|Any CPU
		{99EABD99-CB9C-4C24-A8AE-33C79199E9D1}.Local|Any CPU.ActiveCfg = Debug|Any CPU
		{99EABD99-CB9C-4C24-A8AE-33C79199E9D1}.Local|Any CPU.Build.0 = Debug|Any CPU
		{99EABD99-CB9C-4C24-A8AE-33C79199E9D1}.PreProd|Any CPU.ActiveCfg = Release|Any CPU
		{99EABD99-CB9C-4C24-A8AE-33C79199E9D1}.PreProd|Any CPU.Build.0 = Release|Any CPU
		{99EABD99-CB9C-4C24-A8AE-33C79199E9D1}.Prod|Any CPU.ActiveCfg = Release|Any CPU
		{99EABD99-CB9C-4C24-A8AE-33C79199E9D1}.Prod|Any CPU.Build.0 = Release|Any CPU
		{99EABD99-CB9C-4C24-A8AE-33C79199E9D1}.Test|Any CPU.ActiveCfg = Release|Any CPU
		{99EABD99-CB9C-4C24-A8AE-33C79199E9D1}.Test|Any CPU.Build.0 = Release|Any CPU
		{181EFB8B-34CD-486E-A296-4CD9048F6B34}.Dev|Any CPU.ActiveCfg = Debug|Any CPU
		{181EFB8B-34CD-486E-A296-4CD9048F6B34}.Dev|Any CPU.Build.0 = Debug|Any CPU
		{181EFB8B-34CD-486E-A296-4CD9048F6B34}.Local|Any CPU.ActiveCfg = Debug|Any CPU
		{181EFB8B-34CD-486E-A296-4CD9048F6B34}.Local|Any CPU.Build.0 = Debug|Any CPU
		{181EFB8B-34CD-486E-A296-4CD9048F6B34}.PreProd|Any CPU.ActiveCfg = Release|Any CPU
		{181EFB8B-34CD-486E-A296-4CD9048F6B34}.PreProd|Any CPU.Build.0 = Release|Any CPU
		{181EFB8B-34CD-486E-A296-4CD9048F6B34}.Prod|Any CPU.ActiveCfg = Release|Any CPU
		{181EFB8B-34CD-486E-A296-4CD9048F6B34}.Prod|Any CPU.Build.0 = Release|Any CPU
		{181EFB8B-34CD-486E-A296-4CD9048F6B34}.Test|Any CPU.ActiveCfg = Release|Any CPU
		{181EFB8B-34CD-486E-A296-4CD9048F6B34}.Test|Any CPU.Build.0 = Release|Any CPU
		{81F96E26-8AAF-49E9-A196-8F6E7DF36BDE}.Dev|Any CPU.ActiveCfg = Debug|Any CPU
		{81F96E26-8AAF-49E9-A196-8F6E7DF36BDE}.Dev|Any CPU.Build.0 = Debug|Any CPU
		{81F96E26-8AAF-49E9-A196-8F6E7DF36BDE}.Local|Any CPU.ActiveCfg = Debug|Any CPU
		{81F96E26-8AAF-49E9-A196-8F6E7DF36BDE}.Local|Any CPU.Build.0 = Debug|Any CPU
		{81F96E26-8AAF-49E9-A196-8F6E7DF36BDE}.PreProd|Any CPU.ActiveCfg = Release|Any CPU
		{81F96E26-8AAF-49E9-A196-8F6E7DF36BDE}.PreProd|Any CPU.Build.0 = Release|Any CPU
		{81F96E26-8AAF-49E9-A196-8F6E7DF36BDE}.Prod|Any CPU.ActiveCfg = Release|Any CPU
		{81F96E26-8AAF-49E9-A196-8F6E7DF36BDE}.Prod|Any CPU.Build.0 = Release|Any CPU
		{81F96E26-8AAF-49E9-A196-8F6E7DF36BDE}.Test|Any CPU.ActiveCfg = Release|Any CPU
		{81F96E26-8AAF-49E9-A196-8F6E7DF36BDE}.Test|Any CPU.Build.0 = Release|Any CPU
	EndGlobalSection
	GlobalSection(SolutionProperties) = preSolution
		HideSolutionNode = FALSE
	EndGlobalSection
	GlobalSection(NestedProjects) = preSolution
		{194E1045-12BA-4741-B896-81E419B8DBE4} = {F1A429A7-348D-4771-AB16-5302A43A1240}
		{17161B07-4D39-41B9-A73B-429B3D2BDD2B} = {F1A429A7-348D-4771-AB16-5302A43A1240}
		{AC5039E6-AE70-491B-A9A9-68CB0CDD32B1} = {E7FDA979-AC1B-4656-A528-98714576D37F}
		{C4BF2B1E-EF75-4B40-948E-47E459D8A822} = {E7FDA979-AC1B-4656-A528-98714576D37F}
		{2AF44EFE-5817-46D1-85A6-93C7D2AF958A} = {2CD43393-F803-440A-91CD-E4A09924172D}
		{836221A6-D7E0-4F55-B16E-6F3928CF9FBC} = {2CD43393-F803-440A-91CD-E4A09924172D}
		{A87F302B-D082-423B-A82E-6F7C6D6F7CDB} = {62DC00DB-B15A-483C-984A-353B1429505E}
		{BF59E27B-3146-41B3-B0E7-A7B77273F967} = {62DC00DB-B15A-483C-984A-353B1429505E}
		{181EFB8B-34CD-486E-A296-4CD9048F6B34} = {131FDEA9-FB77-4B0C-A338-4613E0215DDF}
		{81F96E26-8AAF-49E9-A196-8F6E7DF36BDE} = {131FDEA9-FB77-4B0C-A338-4613E0215DDF}
	EndGlobalSection
	GlobalSection(ExtensibilityGlobals) = postSolution
		SolutionGuid = {3762F4CA-7098-46D7-B0AC-8D0CA072114C}
	EndGlobalSection
EndGlobal
